
Microsoft Visual Studio Solution File, Format Version 12.00
# Visual Studio 15
VisualStudioVersion = 15.0.27428.1
MinimumVisualStudioVersion = 10.0.40219.1
Project("{FAE04EC0-301F-11D3-BF4B-00C04F79EFBC}") = "Kafka.Webhooks.Agent", "Kafka.Webhooks.Agent\Kafka.Webhooks.Agent.csproj", "{4524F6CB-4A26-47F9-A0A9-CA8C1E0AC704}"
EndProject
Global
	GlobalSection(SolutionConfigurationPlatforms) = preSolution
		Debug|Any CPU = Debug|Any CPU
		Release|Any CPU = Release|Any CPU
	EndGlobalSection
	GlobalSection(ProjectConfigurationPlatforms) = postSolution
		{4524F6CB-4A26-47F9-A0A9-CA8C1E0AC704}.Debug|Any CPU.ActiveCfg = Debug|Any CPU
		{4524F6CB-4A26-47F9-A0A9-CA8C1E0AC704}.Debug|Any CPU.Build.0 = Debug|Any CPU
		{4524F6CB-4A26-47F9-A0A9-CA8C1E0AC704}.Release|Any CPU.ActiveCfg = Release|Any CPU
		{4524F6CB-4A26-47F9-A0A9-CA8C1E0AC704}.Release|Any CPU.Build.0 = Release|Any CPU
	EndGlobalSection
	GlobalSection(SolutionProperties) = preSolution
		HideSolutionNode = FALSE
	EndGlobalSection
	GlobalSection(ExtensibilityGlobals) = postSolution
		SolutionGuid = {CDCC8CCD-9216-4884-AB74-D2E4A28E1CF8}
	EndGlobalSection
EndGlobal
